{
  "name": "server",
  "version": "1.0.0",
  "lockfileVersion": 1,
  "requires": true,
  "dependencies": {
    "@envelop/core": {
      "version": "3.0.4",
      "resolved": "https://registry.npmjs.org/@envelop/core/-/core-3.0.4.tgz",
      "integrity": "sha512-AybIZxQsDlFQTWHy6YtX/MSQPVuw+eOFtTW90JsHn6EbmcQnD6N3edQfSiTGjggPRHLoC0+0cuYXp2Ly2r3vrQ==",
      "requires": {
        "@envelop/types": "3.0.1",
        "tslib": "2.4.0"
      },
      "dependencies": {
        "tslib": {
          "version": "2.4.0",
          "resolved": "https://registry.npmjs.org/tslib/-/tslib-2.4.0.tgz",
          "integrity": "sha512-d6xOpEDfsi2CZVlPQzGeux8XMwLT9hssAsaPYExaQMuYskwb+x1x7J371tWlbBdWHroy99KnVB6qIkUbs5X3UQ=="
        }
      }
    },
    "@envelop/parser-cache": {
      "version": "5.0.4",
      "resolved": "https://registry.npmjs.org/@envelop/parser-cache/-/parser-cache-5.0.4.tgz",
      "integrity": "sha512-+kp6nzCVLYI2WQExQcE3FSy6n9ZGB5GYi+ntyjYdxaXU41U1f8RVwiLdyh0Ewn5D/s/zaLin09xkFKITVSAKDw==",
      "requires": {
        "lru-cache": "^6.0.0",
        "tslib": "^2.4.0"
      }
    },
    "@envelop/types": {
      "version": "3.0.1",
      "resolved": "https://registry.npmjs.org/@envelop/types/-/types-3.0.1.tgz",
      "integrity": "sha512-Ok62K1K+rlS+wQw77k8Pis8+1/h7+/9Wk5Fgcc2U6M5haEWsLFAHcHsk8rYlnJdEUl2Y3yJcCSOYbt1dyTaU5w==",
      "requires": {
        "tslib": "^2.4.0"
      }
    },
    "@envelop/validation-cache": {
      "version": "5.0.4",
      "resolved": "https://registry.npmjs.org/@envelop/validation-cache/-/validation-cache-5.0.4.tgz",
      "integrity": "sha512-7b4BWtNMxSdXspwzFN2qmkEaaHfmuDz60uMlVFaMN4nA1Vc5duAV7GQWfAKl56VoePU6UwQ0i49Dm/plJfwxIQ==",
      "requires": {
        "lru-cache": "^6.0.0",
        "tslib": "^2.4.0"
      }
    },
    "@graphql-tools/executor": {
      "version": "0.0.9",
      "resolved": "https://registry.npmjs.org/@graphql-tools/executor/-/executor-0.0.9.tgz",
      "integrity": "sha512-qLhQWXTxTS6gbL9INAQa4FJIqTd2tccnbs4HswOx35KnyLaLtREuQ8uTfU+5qMrRIBhuzpGdkP2ssqxLyOJ5rA==",
      "requires": {
        "@graphql-tools/utils": "9.1.1",
        "@graphql-typed-document-node/core": "3.1.1",
        "@repeaterjs/repeater": "3.0.4",
        "tslib": "^2.4.0",
        "value-or-promise": "1.0.11"
      }
    },
    "@graphql-tools/merge": {
      "version": "8.3.12",
      "resolved": "https://registry.npmjs.org/@graphql-tools/merge/-/merge-8.3.12.tgz",
      "integrity": "sha512-BFL8r4+FrqecPnIW0H8UJCBRQ4Y8Ep60aujw9c/sQuFmQTiqgWgpphswMGfaosP2zUinDE3ojU5wwcS2IJnumA==",
      "requires": {
        "@graphql-tools/utils": "9.1.1",
        "tslib": "^2.4.0"
      }
    },
    "@graphql-tools/schema": {
      "version": "9.0.10",
      "resolved": "https://registry.npmjs.org/@graphql-tools/schema/-/schema-9.0.10.tgz",
      "integrity": "sha512-lV0o4df9SpPiaeeDAzgdCJ2o2N9Wvsp0SMHlF2qDbh9aFCFQRsXuksgiDm2yTgT3TG5OtUes/t0D6uPjPZFUbQ==",
      "requires": {
        "@graphql-tools/merge": "8.3.12",
        "@graphql-tools/utils": "9.1.1",
        "tslib": "^2.4.0",
        "value-or-promise": "1.0.11"
      }
    },
    "@graphql-tools/utils": {
      "version": "9.1.1",
      "resolved": "https://registry.npmjs.org/@graphql-tools/utils/-/utils-9.1.1.tgz",
      "integrity": "sha512-DXKLIEDbihK24fktR2hwp/BNIVwULIHaSTNTNhXS+19vgT50eX9wndx1bPxGwHnVBOONcwjXy0roQac49vdt/w==",
      "requires": {
        "tslib": "^2.4.0"
      }
    },
    "@graphql-typed-document-node/core": {
      "version": "3.1.1",
      "resolved": "https://registry.npmjs.org/@graphql-typed-document-node/core/-/core-3.1.1.tgz",
      "integrity": "sha512-NQ17ii0rK1b34VZonlmT2QMJFI70m0TRwbknO/ihlbatXyaktDhN/98vBiUU6kNBPljqGqyIrl2T4nY2RpFANg=="
    },
    "@graphql-yoga/subscription": {
      "version": "3.0.0",
      "resolved": "https://registry.npmjs.org/@graphql-yoga/subscription/-/subscription-3.0.0.tgz",
      "integrity": "sha512-Wy1m2fcCrSj2a/KbtlQUEJ8Go7M95jeUXEH1dqbS6T6wbReqQHqq5ecSUKNhL49Xziy2Sh6od8iWm7MBUIWAlQ==",
      "requires": {
        "@graphql-yoga/typed-event-target": "^1.0.0",
        "@repeaterjs/repeater": "^3.0.4",
        "@whatwg-node/events": "0.0.2",
        "tslib": "^2.3.1"
      }
    },
    "@graphql-yoga/typed-event-target": {
      "version": "1.0.0",
      "resolved": "https://registry.npmjs.org/@graphql-yoga/typed-event-target/-/typed-event-target-1.0.0.tgz",
      "integrity": "sha512-Mqni6AEvl3VbpMtKw+TIjc9qS9a8hKhiAjFtqX488yq5oJtj9TkNlFTIacAVS3vnPiswNsmDiQqvwUOcJgi1DA==",
      "requires": {
        "@repeaterjs/repeater": "^3.0.4",
        "tslib": "^2.3.1"
      }
    },
    "@peculiar/asn1-schema": {
      "version": "2.3.3",
      "resolved": "https://registry.npmjs.org/@peculiar/asn1-schema/-/asn1-schema-2.3.3.tgz",
      "integrity": "sha512-6GptMYDMyWBHTUKndHaDsRZUO/XMSgIns2krxcm2L7SEExRHwawFvSwNBhqNPR9HJwv3MruAiF1bhN0we6j6GQ==",
      "requires": {
        "asn1js": "^3.0.5",
        "pvtsutils": "^1.3.2",
        "tslib": "^2.4.0"
      }
    },
    "@peculiar/json-schema": {
      "version": "1.1.12",
      "resolved": "https://registry.npmjs.org/@peculiar/json-schema/-/json-schema-1.1.12.tgz",
      "integrity": "sha512-coUfuoMeIB7B8/NMekxaDzLhaYmp0HZNPEjYRm9goRou8UZIC3z21s0sL9AWoCw4EG876QyO3kYrc61WNF9B/w==",
      "requires": {
        "tslib": "^2.0.0"
      }
    },
    "@peculiar/webcrypto": {
      "version": "1.4.1",
      "resolved": "https://registry.npmjs.org/@peculiar/webcrypto/-/webcrypto-1.4.1.tgz",
      "integrity": "sha512-eK4C6WTNYxoI7JOabMoZICiyqRRtJB220bh0Mbj5RwRycleZf9BPyZoxsTvpP0FpmVS2aS13NKOuh5/tN3sIRw==",
      "requires": {
        "@peculiar/asn1-schema": "^2.3.0",
        "@peculiar/json-schema": "^1.1.12",
        "pvtsutils": "^1.3.2",
        "tslib": "^2.4.1",
        "webcrypto-core": "^1.7.4"
      }
    },
    "@repeaterjs/repeater": {
      "version": "3.0.4",
      "resolved": "https://registry.npmjs.org/@repeaterjs/repeater/-/repeater-3.0.4.tgz",
      "integrity": "sha512-AW8PKd6iX3vAZ0vA43nOUOnbq/X5ihgU+mSXXqunMkeQADGiqw/PY0JNeYtD5sr0PAy51YPgAPbDoeapv9r8WA=="
    },
    "@types/bson": {
      "version": "4.0.5",
      "resolved": "https://registry.npmjs.org/@types/bson/-/bson-4.0.5.tgz",
      "integrity": "sha512-vVLwMUqhYJSQ/WKcE60eFqcyuWse5fGH+NMAXHuKrUAPoryq3ATxk5o4bgYNtg5aOM4APVg7Hnb3ASqUYG0PKg==",
      "requires": {
        "@types/node": "*"
      }
    },
    "@types/mongodb": {
      "version": "3.6.20",
      "resolved": "https://registry.npmjs.org/@types/mongodb/-/mongodb-3.6.20.tgz",
      "integrity": "sha512-WcdpPJCakFzcWWD9juKoZbRtQxKIMYF/JIAM4JrNHrMcnJL6/a2NWjXxW7fo9hxboxxkg+icff8d7+WIEvKgYQ==",
      "requires": {
        "@types/bson": "*",
        "@types/node": "*"
      }
    },
    "@types/node": {
      "version": "13.7.4",
      "resolved": "https://registry.npmjs.org/@types/node/-/node-13.7.4.tgz",
      "integrity": "sha512-oVeL12C6gQS/GAExndigSaLxTrKpQPxewx9bOcwfvJiJge4rr7wNaph4J+ns5hrmIV2as5qxqN8YKthn9qh0jw=="
    },
    "@whatwg-node/events": {
      "version": "0.0.2",
      "resolved": "https://registry.npmjs.org/@whatwg-node/events/-/events-0.0.2.tgz",
      "integrity": "sha512-WKj/lI4QjnLuPrim0cfO7i+HsDSXHxNv1y0CrJhdntuO3hxWZmnXCwNDnwOvry11OjRin6cgWNF+j/9Pn8TN4w=="
    },
    "@whatwg-node/fetch": {
      "version": "0.5.3",
      "resolved": "https://registry.npmjs.org/@whatwg-node/fetch/-/fetch-0.5.3.tgz",
      "integrity": "sha512-cuAKL3Z7lrJJuUrfF1wxkQTb24Qd1QO/lsjJpM5ZSZZzUMms5TPnbGeGUKWA3hVKNHh30lVfr2MyRCT5Jfkucw==",
      "requires": {
        "@peculiar/webcrypto": "^1.4.0",
        "abort-controller": "^3.0.0",
        "busboy": "^1.6.0",
        "form-data-encoder": "^1.7.1",
        "formdata-node": "^4.3.1",
        "node-fetch": "^2.6.7",
        "undici": "^5.12.0",
        "web-streams-polyfill": "^3.2.0"
      }
    },
    "@whatwg-node/server": {
      "version": "0.4.17",
      "resolved": "https://registry.npmjs.org/@whatwg-node/server/-/server-0.4.17.tgz",
      "integrity": "sha512-kq1AHyi87VWfiDqiSTAOY+py83HMJg42+fI8JAe1wjmMkJ8v/E5mKq5NpLNRM9Cnf7NHsQR0AwQgvX/RFuptaA==",
      "requires": {
        "@whatwg-node/fetch": "0.5.3",
        "tslib": "^2.3.1"
      }
    },
    "abbrev": {
      "version": "1.1.1",
      "resolved": "https://registry.npmjs.org/abbrev/-/abbrev-1.1.1.tgz",
      "integrity": "sha512-nne9/IiQ/hzIhY6pdDnbBtz7DjPTKrY00P/zvPSm5pOFkl6xuGrGnXn/VtTNNfNtAfZ9/1RtehkszU9qcTii0Q==",
      "dev": true
    },
    "abort-controller": {
      "version": "3.0.0",
      "resolved": "https://registry.npmjs.org/abort-controller/-/abort-controller-3.0.0.tgz",
      "integrity": "sha512-h8lQ8tacZYnR3vNQTgibj+tODHI5/+l06Au2Pcriv/Gmet0eaj4TwWH41sO9wnHDiQsEj19q0drzdWdeAHtweg==",
      "requires": {
        "event-target-shim": "^5.0.0"
      }
    },
    "anymatch": {
      "version": "3.1.3",
      "resolved": "https://registry.npmjs.org/anymatch/-/anymatch-3.1.3.tgz",
      "integrity": "sha512-KMReFUr0B4t+D+OBkjR3KYqvocp2XaSzO55UcB6mgQMd3KbcE+mWTyvVV7D/zsdEbNnV6acZUutkiHQXvTr1Rw==",
      "dev": true,
      "requires": {
        "normalize-path": "^3.0.0",
        "picomatch": "^2.0.4"
      }
    },
    "asn1js": {
      "version": "3.0.5",
      "resolved": "https://registry.npmjs.org/asn1js/-/asn1js-3.0.5.tgz",
      "integrity": "sha512-FVnvrKJwpt9LP2lAMl8qZswRNm3T4q9CON+bxldk2iwk3FFpuwhx2FfinyitizWHsVYyaY+y5JzDR0rCMV5yTQ==",
      "requires": {
        "pvtsutils": "^1.3.2",
        "pvutils": "^1.1.3",
        "tslib": "^2.4.0"
      }
    },
    "async-limiter": {
      "version": "1.0.0",
      "resolved": "https://registry.npmjs.org/async-limiter/-/async-limiter-1.0.0.tgz",
      "integrity": "sha512-jp/uFnooOiO+L211eZOoSyzpOITMXx1rBITauYykG3BRYPu8h0UcxsPNB04RR5vo4Tyz3+ay17tR6JVf9qzYWg=="
    },
    "backo2": {
      "version": "1.0.2",
      "resolved": "https://registry.npmjs.org/backo2/-/backo2-1.0.2.tgz",
      "integrity": "sha1-MasayLEpNjRj41s+u2n038+6eUc="
    },
    "balanced-match": {
      "version": "1.0.2",
      "resolved": "https://registry.npmjs.org/balanced-match/-/balanced-match-1.0.2.tgz",
      "integrity": "sha512-3oSeUO0TMV67hN1AmbXsK4yaqU7tjiHlbxRDZOpH0KW9+CeX4bRAaX0Anxt0tx2MrpRpWwQaPwIlISEJhYU5Pw==",
      "dev": true
    },
    "binary-extensions": {
      "version": "2.2.0",
      "resolved": "https://registry.npmjs.org/binary-extensions/-/binary-extensions-2.2.0.tgz",
      "integrity": "sha512-jDctJ/IVQbZoJykoeHbhXpOlNBqGNcwXJKJog42E5HDPUwQTSdjCHdihjj0DlnheQ7blbT6dHOafNAiS8ooQKA==",
      "dev": true
    },
    "bl": {
      "version": "2.2.1",
      "resolved": "https://registry.npmjs.org/bl/-/bl-2.2.1.tgz",
      "integrity": "sha512-6Pesp1w0DEX1N550i/uGV/TqucVL4AM/pgThFSN/Qq9si1/DF9aIHs1BxD8V/QU0HoeHO6cQRTAuYnLPKq1e4g==",
      "requires": {
        "readable-stream": "^2.3.5",
        "safe-buffer": "^5.1.1"
      },
      "dependencies": {
        "isarray": {
          "version": "1.0.0",
          "resolved": "https://registry.npmjs.org/isarray/-/isarray-1.0.0.tgz",
          "integrity": "sha512-VLghIWNM6ELQzo7zwmcg0NmTVyWKYjvIeM83yjp0wRDTmUnrM678fQbcKBo6n2CJEF0szoG//ytg+TKla89ALQ=="
        },
        "readable-stream": {
          "version": "2.3.7",
          "resolved": "https://registry.npmjs.org/readable-stream/-/readable-stream-2.3.7.tgz",
          "integrity": "sha512-Ebho8K4jIbHAxnuxi7o42OrZgF/ZTNcsZj6nRKyUmkhLFq8CHItp/fy6hQZuZmP/n3yZ9VBUbp4zz/mX8hmYPw==",
          "requires": {
            "core-util-is": "~1.0.0",
            "inherits": "~2.0.3",
            "isarray": "~1.0.0",
            "process-nextick-args": "~2.0.0",
            "safe-buffer": "~5.1.1",
            "string_decoder": "~1.1.1",
            "util-deprecate": "~1.0.1"
          }
        },
        "string_decoder": {
          "version": "1.1.1",
          "resolved": "https://registry.npmjs.org/string_decoder/-/string_decoder-1.1.1.tgz",
          "integrity": "sha512-n/ShnvDi6FHbbVfviro+WojiFzv+s8MPMHBczVePfUpDJLwoLT0ht1l4YwBCbi8pJAveEEdnkHyPyTP/mzRfwg==",
          "requires": {
            "safe-buffer": "~5.1.0"
          }
        }
      }
    },
    "bluebird": {
      "version": "3.5.1",
      "resolved": "https://registry.npmjs.org/bluebird/-/bluebird-3.5.1.tgz",
      "integrity": "sha512-MKiLiV+I1AA596t9w1sQJ8jkiSr5+ZKi0WKrYGUn6d1Fx+Ij4tIj+m2WMQSGczs5jZVxV339chE8iwk6F64wjA=="
    },
    "brace-expansion": {
      "version": "1.1.11",
      "resolved": "https://registry.npmjs.org/brace-expansion/-/brace-expansion-1.1.11.tgz",
      "integrity": "sha512-iCuPHDFgrHX7H2vEI/5xpz07zSHB00TpugqhmYtVmMO6518mCuRMoOYFldEBl0g187ufozdaHgWKcYFb61qGiA==",
      "dev": true,
      "requires": {
        "balanced-match": "^1.0.0",
        "concat-map": "0.0.1"
      }
    },
    "braces": {
      "version": "3.0.2",
      "resolved": "https://registry.npmjs.org/braces/-/braces-3.0.2.tgz",
      "integrity": "sha512-b8um+L1RzM3WDSzvhm6gIz1yfTbBt6YTlcEKAvsmqCZZFw46z626lVj9j1yEPW33H5H+lBQpZMP1k8l+78Ha0A==",
      "dev": true,
      "requires": {
        "fill-range": "^7.0.1"
      }
    },
    "bson": {
      "version": "1.1.6",
      "resolved": "https://registry.npmjs.org/bson/-/bson-1.1.6.tgz",
      "integrity": "sha512-EvVNVeGo4tHxwi8L6bPj3y3itEvStdwvvlojVxxbyYfoaxJ6keLgrTuKdyfEAszFK+H3olzBuafE0yoh0D1gdg=="
    },
    "busboy": {
      "version": "1.6.0",
      "resolved": "https://registry.npmjs.org/busboy/-/busboy-1.6.0.tgz",
      "integrity": "sha512-8SFQbg/0hQ9xy3UNTB0YEnsNBbWfhf7RtnzpL7TkBiTBRfrQ9Fxcnz7VJsleJpyp6rVLvXiuORqjlHi5q+PYuA==",
      "requires": {
        "streamsearch": "^1.1.0"
      }
    },
    "chokidar": {
      "version": "3.5.3",
      "resolved": "https://registry.npmjs.org/chokidar/-/chokidar-3.5.3.tgz",
      "integrity": "sha512-Dr3sfKRP6oTcjf2JmUmFJfeVMvXBdegxB0iVQ5eb2V10uFJUCAS8OByZdVAyVb8xXNz3GjjTgj9kLWsZTqE6kw==",
      "dev": true,
      "requires": {
        "anymatch": "~3.1.2",
        "braces": "~3.0.2",
        "fsevents": "~2.3.2",
        "glob-parent": "~5.1.2",
        "is-binary-path": "~2.1.0",
        "is-glob": "~4.0.1",
        "normalize-path": "~3.0.0",
        "readdirp": "~3.6.0"
      }
    },
    "concat-map": {
      "version": "0.0.1",
      "resolved": "https://registry.npmjs.org/concat-map/-/concat-map-0.0.1.tgz",
      "integrity": "sha512-/Srv4dswyQNBfohGpz9o6Yb3Gz3SrUDqBH5rTuhGR7ahtlbYKnVxw2bCFMRljaA7EXHaXZ8wsHdodFvbkhKmqg==",
      "dev": true
    },
    "core-util-is": {
      "version": "1.0.2",
      "resolved": "https://registry.npmjs.org/core-util-is/-/core-util-is-1.0.2.tgz",
      "integrity": "sha1-tf1UIgqivFq1eqtxQMlAdUUDwac="
    },
    "denque": {
      "version": "1.5.1",
      "resolved": "https://registry.npmjs.org/denque/-/denque-1.5.1.tgz",
      "integrity": "sha512-XwE+iZ4D6ZUB7mfYRMb5wByE8L74HCn30FBN7sWnXksWc1LO1bPDl67pBR9o/kC4z/xSNAwkMYcGgqDV3BE3Hw=="
    },
    "dotenv": {
      "version": "8.2.0",
      "resolved": "https://registry.npmjs.org/dotenv/-/dotenv-8.2.0.tgz",
      "integrity": "sha512-8sJ78ElpbDJBHNeBzUbUVLsqKdccaa/BXF1uPTw3GrvQTBgrQrtObr2mUrE38vzYd8cEv+m/JBfDLioYcfXoaw=="
    },
    "dset": {
      "version": "3.1.2",
      "resolved": "https://registry.npmjs.org/dset/-/dset-3.1.2.tgz",
      "integrity": "sha512-g/M9sqy3oHe477Ar4voQxWtaPIFw1jTdKZuomOjhCcBx9nHUNn0pu6NopuFFrTh/TRZIKEj+76vLWFu9BNKk+Q=="
    },
    "event-target-shim": {
      "version": "5.0.1",
      "resolved": "https://registry.npmjs.org/event-target-shim/-/event-target-shim-5.0.1.tgz",
      "integrity": "sha512-i/2XbnSz/uxRCU6+NdVJgKWDTM427+MqYbkQzD321DuCQJUqOuJKIA0IM2+W2xtYHdKOmZ4dR6fExsd4SXL+WQ=="
    },
    "eventemitter3": {
      "version": "3.1.0",
      "resolved": "https://registry.npmjs.org/eventemitter3/-/eventemitter3-3.1.0.tgz",
      "integrity": "sha512-ivIvhpq/Y0uSjcHDcOIccjmYjGLcP09MFGE7ysAwkAvkXfpZlC985pH2/ui64DKazbTW/4kN3yqozUxlXzI6cA=="
    },
    "fill-range": {
      "version": "7.0.1",
      "resolved": "https://registry.npmjs.org/fill-range/-/fill-range-7.0.1.tgz",
      "integrity": "sha512-qOo9F+dMUmC2Lcb4BbVvnKJxTPjCm+RRpe4gDuGrzkL7mEVl/djYSu2OdQ2Pa302N4oqkSg9ir6jaLWJ2USVpQ==",
      "dev": true,
      "requires": {
        "to-regex-range": "^5.0.1"
      }
    },
    "form-data-encoder": {
      "version": "1.7.2",
      "resolved": "https://registry.npmjs.org/form-data-encoder/-/form-data-encoder-1.7.2.tgz",
      "integrity": "sha512-qfqtYan3rxrnCk1VYaA4H+Ms9xdpPqvLZa6xmMgFvhO32x7/3J/ExcTd6qpxM0vH2GdMI+poehyBZvqfMTto8A=="
    },
    "formdata-node": {
      "version": "4.4.1",
      "resolved": "https://registry.npmjs.org/formdata-node/-/formdata-node-4.4.1.tgz",
      "integrity": "sha512-0iirZp3uVDjVGt9p49aTaqjk84TrglENEDuqfdlZQ1roC9CWlPk6Avf8EEnZNcAqPonwkG35x4n3ww/1THYAeQ==",
      "requires": {
        "node-domexception": "1.0.0",
        "web-streams-polyfill": "4.0.0-beta.3"
      },
      "dependencies": {
        "web-streams-polyfill": {
          "version": "4.0.0-beta.3",
          "resolved": "https://registry.npmjs.org/web-streams-polyfill/-/web-streams-polyfill-4.0.0-beta.3.tgz",
          "integrity": "sha512-QW95TCTaHmsYfHDybGMwO5IJIM93I/6vTRk+daHTWFPhwh+C8Cg7j7XyKrwrj8Ib6vYXe0ocYNrmzY4xAAN6ug=="
        }
      }
    },
    "fsevents": {
      "version": "2.3.2",
      "resolved": "https://registry.npmjs.org/fsevents/-/fsevents-2.3.2.tgz",
      "integrity": "sha512-xiqMQR4xAeHTuB9uWm+fFRcIOgKBMiOBP+eXiyT7jsgVCq1bkVygt00oASowB7EdtpOHaaPgKt812P9ab+DDKA==",
      "dev": true,
      "optional": true
    },
    "glob-parent": {
      "version": "5.1.2",
      "resolved": "https://registry.npmjs.org/glob-parent/-/glob-parent-5.1.2.tgz",
      "integrity": "sha512-AOIgSQCepiJYwP3ARnGx+5VnTu2HBYdzbGP45eLw1vr3zB3vZLeyed1sC9hnbcOc9/SrMyM5RPQrkGz4aS9Zow==",
      "dev": true,
      "requires": {
        "is-glob": "^4.0.1"
      }
    },
    "graphql": {
      "version": "14.1.1",
      "resolved": "https://registry.npmjs.org/graphql/-/graphql-14.1.1.tgz",
      "integrity": "sha512-C5zDzLqvfPAgTtP8AUPIt9keDabrdRAqSWjj2OPRKrKxI9Fb65I36s1uCs1UUBFnSWTdO7hyHi7z1ZbwKMKF6Q==",
      "requires": {
        "iterall": "^1.2.2"
      }
    },
    "graphql-subscriptions": {
      "version": "1.0.0",
      "resolved": "https://registry.npmjs.org/graphql-subscriptions/-/graphql-subscriptions-1.0.0.tgz",
      "integrity": "sha512-+ytmryoHF1LVf58NKEaNPRUzYyXplm120ntxfPcgOBC7TnK7Tv/4VRHeh4FAR9iL+O1bqhZs4nkibxQ+OA5cDQ==",
      "requires": {
        "iterall": "^1.2.1"
      }
    },
    "graphql-yoga": {
      "version": "3.0.3",
      "resolved": "https://registry.npmjs.org/graphql-yoga/-/graphql-yoga-3.0.3.tgz",
      "integrity": "sha512-TPDxedEGNzkq7rztCVTSPDeCsK/zWo5SDjVdz7ECiZVW/68622nJW1ZvgZH4WUhw59PhNS4p56mVmtGvTDZAiA==",
      "requires": {
        "@envelop/core": "3.0.4",
        "@envelop/parser-cache": "5.0.4",
        "@envelop/validation-cache": "5.0.4",
        "@graphql-tools/executor": "0.0.9",
        "@graphql-tools/schema": "^9.0.0",
        "@graphql-tools/utils": "^9.0.1",
        "@graphql-yoga/subscription": "^3.0.0",
        "@whatwg-node/fetch": "0.5.3",
        "@whatwg-node/server": "0.4.17",
        "dset": "^3.1.1",
        "tslib": "^2.3.1"
      }
    },
    "has-flag": {
      "version": "3.0.0",
      "resolved": "https://registry.npmjs.org/has-flag/-/has-flag-3.0.0.tgz",
      "integrity": "sha512-sKJf1+ceQBr4SMkvQnBDNDtf4TXpVhVGateu0t918bl30FnbE2m4vNLX+VWe/dpjlb+HugGYzW7uQXH98HPEYw==",
      "dev": true
    },
    "ignore-by-default": {
      "version": "1.0.1",
      "resolved": "https://registry.npmjs.org/ignore-by-default/-/ignore-by-default-1.0.1.tgz",
      "integrity": "sha512-Ius2VYcGNk7T90CppJqcIkS5ooHUZyIQK+ClZfMfMNFEF9VSE73Fq+906u/CWu92x4gzZMWOwfFYckPObzdEbA==",
      "dev": true
    },
    "inherits": {
      "version": "2.0.3",
      "resolved": "https://registry.npmjs.org/inherits/-/inherits-2.0.3.tgz",
      "integrity": "sha1-Yzwsg+PaQqUC9SRmAiSA9CCCYd4="
    },
    "is-binary-path": {
      "version": "2.1.0",
      "resolved": "https://registry.npmjs.org/is-binary-path/-/is-binary-path-2.1.0.tgz",
      "integrity": "sha512-ZMERYes6pDydyuGidse7OsHxtbI7WVeUEozgR/g7rd0xUimYNlvZRE/K2MgZTjWy725IfelLeVcEM97mmtRGXw==",
      "dev": true,
      "requires": {
        "binary-extensions": "^2.0.0"
      }
    },
    "is-extglob": {
      "version": "2.1.1",
      "resolved": "https://registry.npmjs.org/is-extglob/-/is-extglob-2.1.1.tgz",
      "integrity": "sha512-SbKbANkN603Vi4jEZv49LeVJMn4yGwsbzZworEoyEiutsN3nJYdbO36zfhGJ6QEDpOZIFkDtnq5JRxmvl3jsoQ==",
      "dev": true
    },
    "is-glob": {
      "version": "4.0.3",
      "resolved": "https://registry.npmjs.org/is-glob/-/is-glob-4.0.3.tgz",
      "integrity": "sha512-xelSayHH36ZgE7ZWhli7pW34hNbNl8Ojv5KVmkJD4hBdD3th8Tfk9vYasLM+mXWOZhFkgZfxhLSnrwRr4elSSg==",
      "dev": true,
      "requires": {
        "is-extglob": "^2.1.1"
      }
    },
    "is-number": {
      "version": "7.0.0",
      "resolved": "https://registry.npmjs.org/is-number/-/is-number-7.0.0.tgz",
      "integrity": "sha512-41Cifkg6e8TylSpdtTpeLVMqvSBEVzTttHvERD741+pnZ8ANv0004MRL43QKPDlK9cGvNp6NZWZUBlbGXYxxng==",
      "dev": true
    },
    "iterall": {
      "version": "1.2.2",
      "resolved": "https://registry.npmjs.org/iterall/-/iterall-1.2.2.tgz",
      "integrity": "sha512-yynBb1g+RFUPY64fTrFv7nsjRrENBQJaX2UL+2Szc9REFrSNm1rpSXHGzhmAy7a9uv3vlvgBlXnf9RqmPH1/DA=="
    },
    "kareem": {
      "version": "2.3.2",
      "resolved": "https://registry.npmjs.org/kareem/-/kareem-2.3.2.tgz",
      "integrity": "sha512-STHz9P7X2L4Kwn72fA4rGyqyXdmrMSdxqHx9IXon/FXluXieaFA6KJ2upcHAHxQPQ0LeM/OjLrhFxifHewOALQ=="
    },
    "lru-cache": {
      "version": "6.0.0",
      "resolved": "https://registry.npmjs.org/lru-cache/-/lru-cache-6.0.0.tgz",
      "integrity": "sha512-Jo6dJ04CmSjuznwJSS3pUeWmd/H0ffTlkXXgwZi+eq1UCmqQwCh+eLsYOYCwY991i2Fah4h1BEMCx4qThGbsiA==",
      "requires": {
        "yallist": "^4.0.0"
      }
    },
    "memory-pager": {
      "version": "1.5.0",
      "resolved": "https://registry.npmjs.org/memory-pager/-/memory-pager-1.5.0.tgz",
      "integrity": "sha512-ZS4Bp4r/Zoeq6+NLJpP+0Zzm0pR8whtGPf1XExKLJBAczGMnSi3It14OiNCStjQjM6NU1okjQGSxgEZN8eBYKg==",
      "optional": true
    },
    "minimatch": {
      "version": "3.1.2",
      "resolved": "https://registry.npmjs.org/minimatch/-/minimatch-3.1.2.tgz",
      "integrity": "sha512-J7p63hRiAjw1NDEww1W7i37+ByIrOWO5XQQAzZ3VOcL0PNybwpfmV/N05zFAzwQ9USyEcX6t3UO+K5aqBQOIHw==",
      "dev": true,
      "requires": {
        "brace-expansion": "^1.1.7"
      }
    },
    "mongodb": {
      "version": "3.7.3",
      "resolved": "https://registry.npmjs.org/mongodb/-/mongodb-3.7.3.tgz",
      "integrity": "sha512-Psm+g3/wHXhjBEktkxXsFMZvd3nemI0r3IPsE0bU+4//PnvNWKkzhZcEsbPcYiWqe8XqXJJEg4Tgtr7Raw67Yw==",
      "requires": {
        "bl": "^2.2.1",
        "bson": "^1.1.4",
        "denque": "^1.4.1",
        "optional-require": "^1.1.8",
        "safe-buffer": "^5.1.2",
        "saslprep": "^1.0.0"
      },
      "dependencies": {
        "optional-require": {
          "version": "1.1.8",
          "resolved": "https://registry.npmjs.org/optional-require/-/optional-require-1.1.8.tgz",
          "integrity": "sha512-jq83qaUb0wNg9Krv1c5OQ+58EK+vHde6aBPzLvPPqJm89UQWsvSuFy9X/OSNJnFeSOKo7btE0n8Nl2+nE+z5nA==",
          "requires": {
            "require-at": "^1.0.6"
          }
        }
      }
    },
    "mongoose": {
      "version": "5.13.15",
      "resolved": "https://registry.npmjs.org/mongoose/-/mongoose-5.13.15.tgz",
      "integrity": "sha512-cxp1Gbb8yUWkaEbajdhspSaKzAvsIvOtRlYD87GN/P2QEUhpd6bIvebi36T6M0tIVAMauNaK9SPA055N3PwF8Q==",
      "requires": {
        "@types/bson": "1.x || 4.0.x",
        "@types/mongodb": "^3.5.27",
        "bson": "^1.1.4",
        "kareem": "2.3.2",
        "mongodb": "3.7.3",
        "mongoose-legacy-pluralize": "1.0.2",
        "mpath": "0.8.4",
        "mquery": "3.2.5",
        "ms": "2.1.2",
        "optional-require": "1.0.x",
        "regexp-clone": "1.0.0",
        "safe-buffer": "5.2.1",
        "sift": "13.5.2",
        "sliced": "1.0.1"
      },
      "dependencies": {
        "ms": {
          "version": "2.1.2",
          "resolved": "https://registry.npmjs.org/ms/-/ms-2.1.2.tgz",
          "integrity": "sha512-sGkPx+VjMtmA6MX27oA4FBFELFCZZ4S4XqeGOXCv68tT+jb3vk/RyaKWP0PTKyWtmLSM0b+adUTEvbs1PEaH2w=="
        },
        "safe-buffer": {
          "version": "5.2.1",
          "resolved": "https://registry.npmjs.org/safe-buffer/-/safe-buffer-5.2.1.tgz",
          "integrity": "sha512-rp3So07KcdmmKbGvgaNxQSJr7bGVSVk5S9Eq1F+ppbRo70+YeaDxkw5Dd8NPN+GD6bjnYm2VuPuCXmpuYvmCXQ=="
        }
      }
    },
    "mongoose-legacy-pluralize": {
      "version": "1.0.2",
      "resolved": "https://registry.npmjs.org/mongoose-legacy-pluralize/-/mongoose-legacy-pluralize-1.0.2.tgz",
      "integrity": "sha512-Yo/7qQU4/EyIS8YDFSeenIvXxZN+ld7YdV9LqFVQJzTLye8unujAWPZ4NWKfFA+RNjh+wvTWKY9Z3E5XM6ZZiQ=="
    },
    "mpath": {
      "version": "0.8.4",
      "resolved": "https://registry.npmjs.org/mpath/-/mpath-0.8.4.tgz",
      "integrity": "sha512-DTxNZomBcTWlrMW76jy1wvV37X/cNNxPW1y2Jzd4DZkAaC5ZGsm8bfGfNOthcDuRJujXLqiuS6o3Tpy0JEoh7g=="
    },
    "mquery": {
      "version": "3.2.5",
      "resolved": "https://registry.npmjs.org/mquery/-/mquery-3.2.5.tgz",
      "integrity": "sha512-VjOKHHgU84wij7IUoZzFRU07IAxd5kWJaDmyUzQlbjHjyoeK5TNeeo8ZsFDtTYnSgpW6n/nMNIHvE3u8Lbrf4A==",
      "requires": {
        "bluebird": "3.5.1",
        "debug": "3.1.0",
        "regexp-clone": "^1.0.0",
        "safe-buffer": "5.1.2",
        "sliced": "1.0.1"
      },
      "dependencies": {
        "debug": {
          "version": "3.1.0",
          "resolved": "https://registry.npmjs.org/debug/-/debug-3.1.0.tgz",
          "integrity": "sha512-OX8XqP7/1a9cqkxYw2yXss15f26NKWBpDXQd0/uK/KPqdQhxbPa994hnzjcE2VqQpDslf55723cKPUOGSmMY3g==",
          "requires": {
            "ms": "2.0.0"
          }
        }
      }
    },
    "ms": {
      "version": "2.0.0",
      "resolved": "https://registry.npmjs.org/ms/-/ms-2.0.0.tgz",
      "integrity": "sha1-VgiurfwAvmwpAd9fmGF4jeDVl8g="
    },
    "node-domexception": {
      "version": "1.0.0",
      "resolved": "https://registry.npmjs.org/node-domexception/-/node-domexception-1.0.0.tgz",
      "integrity": "sha512-/jKZoMpw0F8GRwl4/eLROPA3cfcXtLApP0QzLmUT/HuPCZWyB7IY9ZrMeKw2O/nFIqPQB3PVM9aYm0F312AXDQ=="
    },
    "node-fetch": {
      "version": "2.6.7",
      "resolved": "https://registry.npmjs.org/node-fetch/-/node-fetch-2.6.7.tgz",
      "integrity": "sha512-ZjMPFEfVx5j+y2yF35Kzx5sF7kDzxuDj6ziH4FFbOp87zKDZNx8yExJIb05OGF4Nlt9IHFIMBkRl41VdvcNdbQ==",
      "requires": {
        "whatwg-url": "^5.0.0"
      }
    },
    "nodemon": {
      "version": "2.0.20",
      "resolved": "https://registry.npmjs.org/nodemon/-/nodemon-2.0.20.tgz",
      "integrity": "sha512-Km2mWHKKY5GzRg6i1j5OxOHQtuvVsgskLfigG25yTtbyfRGn/GNvIbRyOf1PSCKJ2aT/58TiuUsuOU5UToVViw==",
      "dev": true,
      "requires": {
        "chokidar": "^3.5.2",
        "debug": "^3.2.7",
        "ignore-by-default": "^1.0.1",
        "minimatch": "^3.1.2",
        "pstree.remy": "^1.1.8",
        "semver": "^5.7.1",
        "simple-update-notifier": "^1.0.7",
        "supports-color": "^5.5.0",
        "touch": "^3.1.0",
        "undefsafe": "^2.0.5"
      },
      "dependencies": {
        "debug": {
          "version": "3.2.7",
          "resolved": "https://registry.npmjs.org/debug/-/debug-3.2.7.tgz",
          "integrity": "sha512-CFjzYYAi4ThfiQvizrFQevTTXHtnCqWfe7x1AhgEscTz6ZbLbfoLRLPugTQyBth6f8ZERVUSyWHFD/7Wu4t1XQ==",
          "dev": true,
          "requires": {
            "ms": "^2.1.1"
          }
        },
        "ms": {
          "version": "2.1.3",
          "resolved": "https://registry.npmjs.org/ms/-/ms-2.1.3.tgz",
          "integrity": "sha512-6FlzubTLZG3J2a/NVCAleEhjzq5oxgHyaCU9yYXvcLsvoVaHJq/s5xXI6/XXP6tz7R9xAOtHnSO/tXtF3WRTlA==",
          "dev": true
        },
        "semver": {
          "version": "5.7.1",
          "resolved": "https://registry.npmjs.org/semver/-/semver-5.7.1.tgz",
          "integrity": "sha512-sauaDf/PZdVgrLTNYHRtpXa1iRiKcaebiKQ1BJdpQlWH2lCvexQdX55snPFyK7QzpudqbCI0qXFfOasHdyNDGQ==",
          "dev": true
        }
      }
    },
    "nopt": {
      "version": "1.0.10",
      "resolved": "https://registry.npmjs.org/nopt/-/nopt-1.0.10.tgz",
      "integrity": "sha512-NWmpvLSqUrgrAC9HCuxEvb+PSloHpqVu+FqcO4eeF2h5qYRhA7ev6KvelyQAKtegUbC6RypJnlEOhd8vloNKYg==",
      "dev": true,
      "requires": {
        "abbrev": "1"
      }
    },
    "normalize-path": {
      "version": "3.0.0",
      "resolved": "https://registry.npmjs.org/normalize-path/-/normalize-path-3.0.0.tgz",
      "integrity": "sha512-6eZs5Ls3WtCisHWp9S2GUy8dqkpGi4BVSz3GaqiE6ezub0512ESztXUwUB6C6IKbQkY2Pnb/mD4WYojCRwcwLA==",
      "dev": true
    },
    "optional-require": {
      "version": "1.0.3",
      "resolved": "https://registry.npmjs.org/optional-require/-/optional-require-1.0.3.tgz",
      "integrity": "sha512-RV2Zp2MY2aeYK5G+B/Sps8lW5NHAzE5QClbFP15j+PWmP+T9PxlJXBOOLoSAdgwFvS4t0aMR4vpedMkbHfh0nA=="
    },
    "picomatch": {
      "version": "2.3.1",
      "resolved": "https://registry.npmjs.org/picomatch/-/picomatch-2.3.1.tgz",
      "integrity": "sha512-JU3teHTNjmE2VCGFzuY8EXzCDVwEqB2a8fsIvwaStHhAWJEeVd1o1QD80CU6+ZdEXXSLbSsuLwJjkCBWqRQUVA==",
      "dev": true
    },
    "process-nextick-args": {
      "version": "2.0.1",
      "resolved": "https://registry.npmjs.org/process-nextick-args/-/process-nextick-args-2.0.1.tgz",
      "integrity": "sha512-3ouUOpQhtgrbOa17J7+uxOTpITYWaGP7/AhoR3+A+/1e9skrzelGi/dXzEYyvbxubEF6Wn2ypscTKiKJFFn1ag=="
    },
    "pstree.remy": {
      "version": "1.1.8",
      "resolved": "https://registry.npmjs.org/pstree.remy/-/pstree.remy-1.1.8.tgz",
      "integrity": "sha512-77DZwxQmxKnu3aR542U+X8FypNzbfJ+C5XQDk3uWjWxn6151aIMGthWYRXTqT1E5oJvg+ljaa2OJi+VfvCOQ8w==",
      "dev": true
    },
    "pvtsutils": {
      "version": "1.3.2",
      "resolved": "https://registry.npmjs.org/pvtsutils/-/pvtsutils-1.3.2.tgz",
      "integrity": "sha512-+Ipe2iNUyrZz+8K/2IOo+kKikdtfhRKzNpQbruF2URmqPtoqAs8g3xS7TJvFF2GcPXjh7DkqMnpVveRFq4PgEQ==",
      "requires": {
        "tslib": "^2.4.0"
      }
    },
    "pvutils": {
      "version": "1.1.3",
      "resolved": "https://registry.npmjs.org/pvutils/-/pvutils-1.1.3.tgz",
      "integrity": "sha512-pMpnA0qRdFp32b1sJl1wOJNxZLQ2cbQx+k6tjNtZ8CpvVhNqEPRgivZ2WOUev2YMajecdH7ctUPDvEe87nariQ=="
    },
    "readdirp": {
      "version": "3.6.0",
      "resolved": "https://registry.npmjs.org/readdirp/-/readdirp-3.6.0.tgz",
      "integrity": "sha512-hOS089on8RduqdbhvQ5Z37A0ESjsqz6qnRcffsMU3495FuTdqSm+7bhJ29JvIOsBDEEnan5DPu9t3To9VRlMzA==",
      "dev": true,
      "requires": {
        "picomatch": "^2.2.1"
      }
    },
    "regexp-clone": {
      "version": "1.0.0",
      "resolved": "https://registry.npmjs.org/regexp-clone/-/regexp-clone-1.0.0.tgz",
      "integrity": "sha512-TuAasHQNamyyJ2hb97IuBEif4qBHGjPHBS64sZwytpLEqtBQ1gPJTnOaQ6qmpET16cK14kkjbazl6+p0RRv0yw=="
    },
    "require-at": {
      "version": "1.0.6",
      "resolved": "https://registry.npmjs.org/require-at/-/require-at-1.0.6.tgz",
      "integrity": "sha512-7i1auJbMUrXEAZCOQ0VNJgmcT2VOKPRl2YGJwgpHpC9CE91Mv4/4UYIUm4chGJaI381ZDq1JUicFii64Hapd8g=="
    },
    "safe-buffer": {
      "version": "5.1.2",
      "resolved": "https://registry.npmjs.org/safe-buffer/-/safe-buffer-5.1.2.tgz",
      "integrity": "sha512-Gd2UZBJDkXlY7GbJxfsE8/nvKkUEU1G38c1siN6QP6a9PT9MmHB8GnpscSmMJSoF8LOIrt8ud/wPtojys4G6+g=="
    },
    "saslprep": {
      "version": "1.0.3",
      "resolved": "https://registry.npmjs.org/saslprep/-/saslprep-1.0.3.tgz",
      "integrity": "sha512-/MY/PEMbk2SuY5sScONwhUDsV2p77Znkb/q3nSVstq/yQzYJOH/Azh29p9oJLsl3LnQwSvZDKagDGBsBwSooag==",
      "optional": true,
      "requires": {
        "sparse-bitfield": "^3.0.3"
      }
    },
    "sift": {
      "version": "13.5.2",
      "resolved": "https://registry.npmjs.org/sift/-/sift-13.5.2.tgz",
      "integrity": "sha512-+gxdEOMA2J+AI+fVsCqeNn7Tgx3M9ZN9jdi95939l1IJ8cZsqS8sqpJyOkic2SJk+1+98Uwryt/gL6XDaV+UZA=="
    },
    "simple-update-notifier": {
      "version": "1.0.7",
      "resolved": "https://registry.npmjs.org/simple-update-notifier/-/simple-update-notifier-1.0.7.tgz",
      "integrity": "sha512-BBKgR84BJQJm6WjWFMHgLVuo61FBDSj1z/xSFUIozqO6wO7ii0JxCqlIud7Enr/+LhlbNI0whErq96P2qHNWew==",
      "dev": true,
      "requires": {
        "semver": "~7.0.0"
      },
      "dependencies": {
        "semver": {
          "version": "7.0.0",
          "resolved": "https://registry.npmjs.org/semver/-/semver-7.0.0.tgz",
          "integrity": "sha512-+GB6zVA9LWh6zovYQLALHwv5rb2PHGlJi3lfiqIHxR0uuwCgefcOJc59v9fv1w8GbStwxuuqqAjI9NMAOOgq1A==",
          "dev": true
        }
      }
    },
    "sliced": {
      "version": "1.0.1",
      "resolved": "https://registry.npmjs.org/sliced/-/sliced-1.0.1.tgz",
      "integrity": "sha512-VZBmZP8WU3sMOZm1bdgTadsQbcscK0UM8oKxKVBs4XAhUo2Xxzm/OFMGBkPusxw9xL3Uy8LrzEqGqJhclsr0yA=="
    },
    "sparse-bitfield": {
      "version": "3.0.3",
      "resolved": "https://registry.npmjs.org/sparse-bitfield/-/sparse-bitfield-3.0.3.tgz",
      "integrity": "sha512-kvzhi7vqKTfkh0PZU+2D2PIllw2ymqJKujUcyPMd9Y75Nv4nPbGJZXNhxsgdQab2BmlDct1YnfQCguEvHr7VsQ==",
      "optional": true,
      "requires": {
        "memory-pager": "^1.0.2"
      }
    },
    "streamsearch": {
      "version": "1.1.0",
      "resolved": "https://registry.npmjs.org/streamsearch/-/streamsearch-1.1.0.tgz",
      "integrity": "sha512-Mcc5wHehp9aXz1ax6bZUyY5afg9u2rv5cqQI3mRrYkGC8rW2hM02jWuwjtL++LS5qinSyhj2QfLyNsuc+VsExg=="
    },
    "subscriptions-transport-ws": {
      "version": "0.9.15",
      "resolved": "https://registry.npmjs.org/subscriptions-transport-ws/-/subscriptions-transport-ws-0.9.15.tgz",
      "integrity": "sha512-f9eBfWdHsePQV67QIX+VRhf++dn1adyC/PZHP6XI5AfKnZ4n0FW+v5omxwdHVpd4xq2ZijaHEcmlQrhBY79ZWQ==",
      "requires": {
        "backo2": "^1.0.2",
        "eventemitter3": "^3.1.0",
        "iterall": "^1.2.1",
        "symbol-observable": "^1.0.4",
        "ws": "^5.2.0"
      }
    },
    "supports-color": {
      "version": "5.5.0",
      "resolved": "https://registry.npmjs.org/supports-color/-/supports-color-5.5.0.tgz",
      "integrity": "sha512-QjVjwdXIt408MIiAqCX4oUKsgU2EqAGzs2Ppkm4aQYbjm+ZEWEcW4SfFNTr4uMNZma0ey4f5lgLrkB0aX0QMow==",
      "dev": true,
      "requires": {
        "has-flag": "^3.0.0"
      }
    },
    "symbol-observable": {
      "version": "1.2.0",
      "resolved": "https://registry.npmjs.org/symbol-observable/-/symbol-observable-1.2.0.tgz",
      "integrity": "sha512-e900nM8RRtGhlV36KGEU9k65K3mPb1WV70OdjfxlG2EAuM1noi/E/BaW/uMhL7bPEssK8QV57vN3esixjUvcXQ=="
    },
    "to-regex-range": {
      "version": "5.0.1",
      "resolved": "https://registry.npmjs.org/to-regex-range/-/to-regex-range-5.0.1.tgz",
      "integrity": "sha512-65P7iz6X5yEr1cwcgvQxbbIw7Uk3gOy5dIdtZ4rDveLqhrdJP+Li/Hx6tyK0NEb+2GCyneCMJiGqrADCSNk8sQ==",
      "dev": true,
      "requires": {
        "is-number": "^7.0.0"
      }
    },
    "touch": {
      "version": "3.1.0",
      "resolved": "https://registry.npmjs.org/touch/-/touch-3.1.0.tgz",
      "integrity": "sha512-WBx8Uy5TLtOSRtIq+M03/sKDrXCLHxwDcquSP2c43Le03/9serjQBIztjRz6FkJez9D/hleyAXTBGLwwZUw9lA==",
      "dev": true,
      "requires": {
        "nopt": "~1.0.10"
      }
    },
    "tr46": {
      "version": "0.0.3",
      "resolved": "https://registry.npmjs.org/tr46/-/tr46-0.0.3.tgz",
      "integrity": "sha512-N3WMsuqV66lT30CrXNbEjx4GEwlow3v6rr4mCcv6prnfwhS01rkgyFdjPNBYd9br7LpXV1+Emh01fHnq2Gdgrw=="
    },
    "tslib": {
      "version": "2.4.1",
      "resolved": "https://registry.npmjs.org/tslib/-/tslib-2.4.1.tgz",
      "integrity": "sha512-tGyy4dAjRIEwI7BzsB0lynWgOpfqjUdq91XXAlIWD2OwKBH7oCl/GZG/HT4BOHrTlPMOASlMQ7veyTqpmRcrNA=="
    },
    "undefsafe": {
      "version": "2.0.5",
      "resolved": "https://registry.npmjs.org/undefsafe/-/undefsafe-2.0.5.tgz",
      "integrity": "sha512-WxONCrssBM8TSPRqN5EmsjVrsv4A8X12J4ArBiiayv3DyyG3ZlIg6yysuuSYdZsVz3TKcTg2fd//Ujd4CHV1iA==",
      "dev": true
    },
    "undici": {
      "version": "5.19.1",
      "resolved": "https://registry.npmjs.org/undici/-/undici-5.19.1.tgz",
      "integrity": "sha512-YiZ61LPIgY73E7syxCDxxa3LV2yl3sN8spnIuTct60boiiRaE1J8mNWHO8Im2Zi/sFrPusjLlmRPrsyraSqX6A==",
      "requires": {
        "busboy": "^1.6.0"
      }
    },
    "util-deprecate": {
      "version": "1.0.2",
      "resolved": "https://registry.npmjs.org/util-deprecate/-/util-deprecate-1.0.2.tgz",
      "integrity": "sha512-EPD5q1uXyFxJpCrLnCc1nHnq3gOa6DZBocAIiI2TaSCA7VCJ1UJDMagCzIkXNsUYfD1daK//LTEQ8xiIbrHtcw=="
    },
    "value-or-promise": {
      "version": "1.0.11",
      "resolved": "https://registry.npmjs.org/value-or-promise/-/value-or-promise-1.0.11.tgz",
      "integrity": "sha512-41BrgH+dIbCFXClcSapVs5M6GkENd3gQOJpEfPDNa71LsUGMXDL0jMWpI/Rh7WhX+Aalfz2TTS3Zt5pUsbnhLg=="
    },
    "web-streams-polyfill": {
      "version": "3.2.1",
      "resolved": "https://registry.npmjs.org/web-streams-polyfill/-/web-streams-polyfill-3.2.1.tgz",
      "integrity": "sha512-e0MO3wdXWKrLbL0DgGnUV7WHVuw9OUvL4hjgnPkIeEvESk74gAITi5G606JtZPp39cd8HA9VQzCIvA49LpPN5Q=="
    },
    "webcrypto-core": {
      "version": "1.7.5",
      "resolved": "https://registry.npmjs.org/webcrypto-core/-/webcrypto-core-1.7.5.tgz",
      "integrity": "sha512-gaExY2/3EHQlRNNNVSrbG2Cg94Rutl7fAaKILS1w8ZDhGxdFOaw6EbCfHIxPy9vt/xwp5o0VQAx9aySPF6hU1A==",
      "requires": {
        "@peculiar/asn1-schema": "^2.1.6",
        "@peculiar/json-schema": "^1.1.12",
        "asn1js": "^3.0.1",
        "pvtsutils": "^1.3.2",
        "tslib": "^2.4.0"
      }
    },
    "webidl-conversions": {
      "version": "3.0.1",
      "resolved": "https://registry.npmjs.org/webidl-conversions/-/webidl-conversions-3.0.1.tgz",
      "integrity": "sha512-2JAn3z8AR6rjK8Sm8orRC0h/bcl/DqL7tRPdGZ4I1CjdF+EaMLmYxBHyXuKL849eucPFhvBoxMsflfOb8kxaeQ=="
    },
    "whatwg-url": {
      "version": "5.0.0",
      "resolved": "https://registry.npmjs.org/whatwg-url/-/whatwg-url-5.0.0.tgz",
      "integrity": "sha512-saE57nupxk6v3HY35+jzBwYa0rKSy0XR8JSxZPwgLr7ys0IBzhGviA1/TUGJLmSVqs8pb9AnvICXEuOHLprYTw==",
      "requires": {
        "tr46": "~0.0.3",
        "webidl-conversions": "^3.0.0"
      }
    },
    "ws": {
      "version": "5.2.3",
      "resolved": "https://registry.npmjs.org/ws/-/ws-5.2.3.tgz",
      "integrity": "sha512-jZArVERrMsKUatIdnLzqvcfydI85dvd/Fp1u/VOpfdDWQ4c9qWXe+VIeAbQ5FrDwciAkr+lzofXLz3Kuf26AOA==",
      "requires": {
        "async-limiter": "~1.0.0"
      }
    },
    "yallist": {
      "version": "4.0.0",
      "resolved": "https://registry.npmjs.org/yallist/-/yallist-4.0.0.tgz",
      "integrity": "sha512-3wdGidZyq5PB084XLES5TpOSRA3wjXAlIWMhum2kRcv/41Sn2emQ0dycQW4uZXLejwKvg6EsvbdlVL+FYEct7A=="
    }
  }
}
